
Microsoft Visual Studio Solution File, Format Version 12.00
Project("{FAE04EC0-301F-11D3-BF4B-00C04F79EFBC}") = "Fibonacci.First", "Fibonacci.First\Fibonacci.First.csproj", "{7CF17F86-87C9-4CC2-BFCF-470D1AE1D56E}"
EndProject
Project("{FAE04EC0-301F-11D3-BF4B-00C04F79EFBC}") = "Fibonacci.Second", "Fibonacci.Second\Fibonacci.Second.csproj", "{6242E54B-4B49-4449-8766-8E0F95D46F68}"
EndProject
Project("{FAE04EC0-301F-11D3-BF4B-00C04F79EFBC}") = "Fibonacci.Shared", "Fibonacci.Shared\Fibonacci.Shared.csproj", "{D676F380-3E18-4842-816B-FAD4214C2466}"
EndProject
Global
	GlobalSection(SolutionConfigurationPlatforms) = preSolution
		Debug|Any CPU = Debug|Any CPU
		Release|Any CPU = Release|Any CPU
	EndGlobalSection
	GlobalSection(ProjectConfigurationPlatforms) = postSolution
		{7CF17F86-87C9-4CC2-BFCF-470D1AE1D56E}.Debug|Any CPU.ActiveCfg = Debug|Any CPU
		{7CF17F86-87C9-4CC2-BFCF-470D1AE1D56E}.Debug|Any CPU.Build.0 = Debug|Any CPU
		{7CF17F86-87C9-4CC2-BFCF-470D1AE1D56E}.Release|Any CPU.ActiveCfg = Release|Any CPU
		{7CF17F86-87C9-4CC2-BFCF-470D1AE1D56E}.Release|Any CPU.Build.0 = Release|Any CPU
		{6242E54B-4B49-4449-8766-8E0F95D46F68}.Debug|Any CPU.ActiveCfg = Debug|Any CPU
		{6242E54B-4B49-4449-8766-8E0F95D46F68}.Debug|Any CPU.Build.0 = Debug|Any CPU
		{6242E54B-4B49-4449-8766-8E0F95D46F68}.Release|Any CPU.ActiveCfg = Release|Any CPU
		{6242E54B-4B49-4449-8766-8E0F95D46F68}.Release|Any CPU.Build.0 = Release|Any CPU
		{D676F380-3E18-4842-816B-FAD4214C2466}.Debug|Any CPU.ActiveCfg = Debug|Any CPU
		{D676F380-3E18-4842-816B-FAD4214C2466}.Debug|Any CPU.Build.0 = Debug|Any CPU
		{D676F380-3E18-4842-816B-FAD4214C2466}.Release|Any CPU.ActiveCfg = Release|Any CPU
		{D676F380-3E18-4842-816B-FAD4214C2466}.Release|Any CPU.Build.0 = Release|Any CPU
	EndGlobalSection
EndGlobal
